
Microsoft Visual Studio Solution File, Format Version 12.00
# Visual Studio Version 16
VisualStudioVersion = 16.0.30011.22
MinimumVisualStudioVersion = 10.0.40219.1
Project("{FAE04EC0-301F-11D3-BF4B-00C04F79EFBC}") = "Sant01", "Sant01\Sant01.csproj", "{CD3500E3-E767-4D3C-B3A7-758307D5099D}"
EndProject
Global
	GlobalSection(SolutionConfigurationPlatforms) = preSolution
		Debug|Any CPU = Debug|Any CPU
		Release|Any CPU = Release|Any CPU
	EndGlobalSection
	GlobalSection(ProjectConfigurationPlatforms) = postSolution
		{CD3500E3-E767-4D3C-B3A7-758307D5099D}.Debug|Any CPU.ActiveCfg = Debug|Any CPU
		{CD3500E3-E767-4D3C-B3A7-758307D5099D}.Debug|Any CPU.Build.0 = Debug|Any CPU
		{CD3500E3-E767-4D3C-B3A7-758307D5099D}.Release|Any CPU.ActiveCfg = Release|Any CPU
		{CD3500E3-E767-4D3C-B3A7-758307D5099D}.Release|Any CPU.Build.0 = Release|Any CPU
	EndGlobalSection
	GlobalSection(SolutionProperties) = preSolution
		HideSolutionNode = FALSE
	EndGlobalSection
	GlobalSection(ExtensibilityGlobals) = postSolution
		SolutionGuid = {E96C2BD4-1BEC-4D3B-8386-E6E3FF27A748}
	EndGlobalSection
EndGlobal
